
Microsoft Visual Studio Solution File, Format Version 12.00
# Visual Studio Version 17
VisualStudioVersion = 17.1.32228.430
MinimumVisualStudioVersion = 10.0.40219.1
Project("{FAE04EC0-301F-11D3-BF4B-00C04F79EFBC}") = "pjControlFacturas", "pjControlFacturas\pjControlFacturas.csproj", "{51BB1F92-FA18-4C5E-A53F-69E72BF4E7C5}"
EndProject
Global
	GlobalSection(SolutionConfigurationPlatforms) = preSolution
		Debug|Any CPU = Debug|Any CPU
		Release|Any CPU = Release|Any CPU
	EndGlobalSection
	GlobalSection(ProjectConfigurationPlatforms) = postSolution
		{51BB1F92-FA18-4C5E-A53F-69E72BF4E7C5}.Debug|Any CPU.ActiveCfg = Debug|Any CPU
		{51BB1F92-FA18-4C5E-A53F-69E72BF4E7C5}.Debug|Any CPU.Build.0 = Debug|Any CPU
		{51BB1F92-FA18-4C5E-A53F-69E72BF4E7C5}.Release|Any CPU.ActiveCfg = Release|Any CPU
		{51BB1F92-FA18-4C5E-A53F-69E72BF4E7C5}.Release|Any CPU.Build.0 = Release|Any CPU
	EndGlobalSection
	GlobalSection(SolutionProperties) = preSolution
		HideSolutionNode = FALSE
	EndGlobalSection
	GlobalSection(ExtensibilityGlobals) = postSolution
		SolutionGuid = {4B26AB66-52E9-4762-8494-DDFAC363017D}
	EndGlobalSection
EndGlobal
